
Microsoft Visual Studio Solution File, Format Version 12.00
# Visual Studio Version 16
VisualStudioVersion = 16.0.30114.105
MinimumVisualStudioVersion = 10.0.40219.1
Project("{FAE04EC0-301F-11D3-BF4B-00C04F79EFBC}") = "Domain", "Domain\Domain.csproj", "{E5478DC7-FC84-475F-AF37-8B22A0267B90}"
EndProject
Project("{FAE04EC0-301F-11D3-BF4B-00C04F79EFBC}") = "Services", "Services\Services.csproj", "{49818A23-715C-4BB9-B019-FF138A8143A2}"
EndProject
Project("{FAE04EC0-301F-11D3-BF4B-00C04F79EFBC}") = "EmployeeWeb", "EmployeeWeb\EmployeeWeb.csproj", "{6104C255-3EAB-43EE-8ED9-BDAB7F612ECE}"
EndProject
Global
	GlobalSection(SolutionConfigurationPlatforms) = preSolution
		Debug|Any CPU = Debug|Any CPU
		Release|Any CPU = Release|Any CPU
	EndGlobalSection
	GlobalSection(SolutionProperties) = preSolution
		HideSolutionNode = FALSE
	EndGlobalSection
	GlobalSection(ProjectConfigurationPlatforms) = postSolution
		{E5478DC7-FC84-475F-AF37-8B22A0267B90}.Debug|Any CPU.ActiveCfg = Debug|Any CPU
		{E5478DC7-FC84-475F-AF37-8B22A0267B90}.Debug|Any CPU.Build.0 = Debug|Any CPU
		{E5478DC7-FC84-475F-AF37-8B22A0267B90}.Release|Any CPU.ActiveCfg = Release|Any CPU
		{E5478DC7-FC84-475F-AF37-8B22A0267B90}.Release|Any CPU.Build.0 = Release|Any CPU
		{49818A23-715C-4BB9-B019-FF138A8143A2}.Debug|Any CPU.ActiveCfg = Debug|Any CPU
		{49818A23-715C-4BB9-B019-FF138A8143A2}.Debug|Any CPU.Build.0 = Debug|Any CPU
		{49818A23-715C-4BB9-B019-FF138A8143A2}.Release|Any CPU.ActiveCfg = Release|Any CPU
		{49818A23-715C-4BB9-B019-FF138A8143A2}.Release|Any CPU.Build.0 = Release|Any CPU
		{6104C255-3EAB-43EE-8ED9-BDAB7F612ECE}.Debug|Any CPU.ActiveCfg = Debug|Any CPU
		{6104C255-3EAB-43EE-8ED9-BDAB7F612ECE}.Debug|Any CPU.Build.0 = Debug|Any CPU
		{6104C255-3EAB-43EE-8ED9-BDAB7F612ECE}.Release|Any CPU.ActiveCfg = Release|Any CPU
		{6104C255-3EAB-43EE-8ED9-BDAB7F612ECE}.Release|Any CPU.Build.0 = Release|Any CPU
	EndGlobalSection
EndGlobal
